{
  "name": "photon-health",
  "version": "1.0.0",
  "lockfileVersion": 3,
  "requires": true,
  "packages": {
    "": {
      "name": "photon-health",
      "version": "1.0.0",
      "license": "ISC",
      "workspaces": {
        "packages": [
          "models"
        ]
      }
    },
    "models": {
      "version": "1.0.0",
      "license": "ISC"
    },
    "node_modules/models": {
      "resolved": "models",
      "link": true
    }
  }
}
